// !$*UTF8*$!
{
	archiveVersion = 1;
	classes = {
	};
	objectVersion = 51;
	objects = {

/* Begin PBXBuildFile section */
		2A38B291B1D43AF145E17EA5 /* Pods_CoadableWithNetworkingTests.framework in Frameworks */ = {isa = PBXBuildFile; fileRef = F11D0E2BB74BAB907B20F7B5 /* Pods_CoadableWithNetworkingTests.framework */; };
		30CA7F582348FCF700A42764 /* AppDelegate.swift in Sources */ = {isa = PBXBuildFile; fileRef = 30CA7F572348FCF700A42764 /* AppDelegate.swift */; };
		30CA7F5A2348FCF700A42764 /* ViewController.swift in Sources */ = {isa = PBXBuildFile; fileRef = 30CA7F592348FCF700A42764 /* ViewController.swift */; };
		30CA7F5D2348FCF700A42764 /* Main.storyboard in Resources */ = {isa = PBXBuildFile; fileRef = 30CA7F5B2348FCF700A42764 /* Main.storyboard */; };
		30CA7F5F2348FCF900A42764 /* Assets.xcassets in Resources */ = {isa = PBXBuildFile; fileRef = 30CA7F5E2348FCF900A42764 /* Assets.xcassets */; };
		30CA7F622348FCF900A42764 /* LaunchScreen.storyboard in Resources */ = {isa = PBXBuildFile; fileRef = 30CA7F602348FCF900A42764 /* LaunchScreen.storyboard */; };
		30CA7F6D2348FCF900A42764 /* CoadableWithNetworkingTests.swift in Sources */ = {isa = PBXBuildFile; fileRef = 30CA7F6C2348FCF900A42764 /* CoadableWithNetworkingTests.swift */; };
		30CA7F782348FCF900A42764 /* CoadableWithNetworkingUITests.swift in Sources */ = {isa = PBXBuildFile; fileRef = 30CA7F772348FCF900A42764 /* CoadableWithNetworkingUITests.swift */; };
		30CA7F862349001600A42764 /* Friend.swift in Sources */ = {isa = PBXBuildFile; fileRef = 30CA7F852349001600A42764 /* Friend.swift */; };
		30CA7F882349022100A42764 /* Connection.swift in Sources */ = {isa = PBXBuildFile; fileRef = 30CA7F872349022100A42764 /* Connection.swift */; };
		30CED247234A5E3A0086EF40 /* JSONDecoder-Remote.swift in Sources */ = {isa = PBXBuildFile; fileRef = 30CED246234A5E3A0086EF40 /* JSONDecoder-Remote.swift */; };
		5C3A2D4E87BD8D03A74AFE36 /* Pods_CoadableWithNetworking.framework in Frameworks */ = {isa = PBXBuildFile; fileRef = AB8F32888344321D5325D9D5 /* Pods_CoadableWithNetworking.framework */; };
		784CEA7F9F655F6A69D6EFED /* Pods_CoadableWithNetworkingUITests.framework in Frameworks */ = {isa = PBXBuildFile; fileRef = 032E52CDA91956907932E3B9 /* Pods_CoadableWithNetworkingUITests.framework */; };
/* End PBXBuildFile section */

/* Begin PBXContainerItemProxy section */
		30CA7F692348FCF900A42764 /* PBXContainerItemProxy */ = {
			isa = PBXContainerItemProxy;
			containerPortal = 30CA7F4C2348FCF700A42764 /* Project object */;
			proxyType = 1;
			remoteGlobalIDString = 30CA7F532348FCF700A42764;
			remoteInfo = CoadableWithNetworking;
		};
		30CA7F742348FCF900A42764 /* PBXContainerItemProxy */ = {
			isa = PBXContainerItemProxy;
			containerPortal = 30CA7F4C2348FCF700A42764 /* Project object */;
			proxyType = 1;
			remoteGlobalIDString = 30CA7F532348FCF700A42764;
			remoteInfo = CoadableWithNetworking;
		};
/* End PBXContainerItemProxy section */

/* Begin PBXFileReference section */
		032E52CDA91956907932E3B9 /* Pods_CoadableWithNetworkingUITests.framework */ = {isa = PBXFileReference; explicitFileType = wrapper.framework; includeInIndex = 0; path = Pods_CoadableWithNetworkingUITests.framework; sourceTree = BUILT_PRODUCTS_DIR; };
		0933BCF02F25AFE174CF75FD /* Pods-CoadableWithNetworking.debug.xcconfig */ = {isa = PBXFileReference; includeInIndex = 1; lastKnownFileType = text.xcconfig; name = "Pods-CoadableWithNetworking.debug.xcconfig"; path = "Target Support Files/Pods-CoadableWithNetworking/Pods-CoadableWithNetworking.debug.xcconfig"; sourceTree = "<group>"; };
		0B503A347425C3CAB958D7EE /* Pods-CoadableWithNetworkingTests.release.xcconfig */ = {isa = PBXFileReference; includeInIndex = 1; lastKnownFileType = text.xcconfig; name = "Pods-CoadableWithNetworkingTests.release.xcconfig"; path = "Target Support Files/Pods-CoadableWithNetworkingTests/Pods-CoadableWithNetworkingTests.release.xcconfig"; sourceTree = "<group>"; };
		13802591081EFBEBF3C01D9B /* Pods-CoadableWithNetworkingUITests.release.xcconfig */ = {isa = PBXFileReference; includeInIndex = 1; lastKnownFileType = text.xcconfig; name = "Pods-CoadableWithNetworkingUITests.release.xcconfig"; path = "Target Support Files/Pods-CoadableWithNetworkingUITests/Pods-CoadableWithNetworkingUITests.release.xcconfig"; sourceTree = "<group>"; };
		203AF46E2452F0F13D7FBAEE /* Pods-CoadableWithNetworking.release.xcconfig */ = {isa = PBXFileReference; includeInIndex = 1; lastKnownFileType = text.xcconfig; name = "Pods-CoadableWithNetworking.release.xcconfig"; path = "Target Support Files/Pods-CoadableWithNetworking/Pods-CoadableWithNetworking.release.xcconfig"; sourceTree = "<group>"; };
		30CA7F542348FCF700A42764 /* CoadableWithNetworking.app */ = {isa = PBXFileReference; explicitFileType = wrapper.application; includeInIndex = 0; path = CoadableWithNetworking.app; sourceTree = BUILT_PRODUCTS_DIR; };
		30CA7F572348FCF700A42764 /* AppDelegate.swift */ = {isa = PBXFileReference; lastKnownFileType = sourcecode.swift; path = AppDelegate.swift; sourceTree = "<group>"; };
		30CA7F592348FCF700A42764 /* ViewController.swift */ = {isa = PBXFileReference; lastKnownFileType = sourcecode.swift; path = ViewController.swift; sourceTree = "<group>"; };
		30CA7F5C2348FCF700A42764 /* Base */ = {isa = PBXFileReference; lastKnownFileType = file.storyboard; name = Base; path = Base.lproj/Main.storyboard; sourceTree = "<group>"; };
		30CA7F5E2348FCF900A42764 /* Assets.xcassets */ = {isa = PBXFileReference; lastKnownFileType = folder.assetcatalog; path = Assets.xcassets; sourceTree = "<group>"; };
		30CA7F612348FCF900A42764 /* Base */ = {isa = PBXFileReference; lastKnownFileType = file.storyboard; name = Base; path = Base.lproj/LaunchScreen.storyboard; sourceTree = "<group>"; };
		30CA7F632348FCF900A42764 /* Info.plist */ = {isa = PBXFileReference; lastKnownFileType = text.plist.xml; path = Info.plist; sourceTree = "<group>"; };
		30CA7F682348FCF900A42764 /* CoadableWithNetworkingTests.xctest */ = {isa = PBXFileReference; explicitFileType = wrapper.cfbundle; includeInIndex = 0; path = CoadableWithNetworkingTests.xctest; sourceTree = BUILT_PRODUCTS_DIR; };
		30CA7F6C2348FCF900A42764 /* CoadableWithNetworkingTests.swift */ = {isa = PBXFileReference; lastKnownFileType = sourcecode.swift; path = CoadableWithNetworkingTests.swift; sourceTree = "<group>"; };
		30CA7F6E2348FCF900A42764 /* Info.plist */ = {isa = PBXFileReference; lastKnownFileType = text.plist.xml; path = Info.plist; sourceTree = "<group>"; };
		30CA7F732348FCF900A42764 /* CoadableWithNetworkingUITests.xctest */ = {isa = PBXFileReference; explicitFileType = wrapper.cfbundle; includeInIndex = 0; path = CoadableWithNetworkingUITests.xctest; sourceTree = BUILT_PRODUCTS_DIR; };
		30CA7F772348FCF900A42764 /* CoadableWithNetworkingUITests.swift */ = {isa = PBXFileReference; lastKnownFileType = sourcecode.swift; path = CoadableWithNetworkingUITests.swift; sourceTree = "<group>"; };
		30CA7F792348FCF900A42764 /* Info.plist */ = {isa = PBXFileReference; lastKnownFileType = text.plist.xml; path = Info.plist; sourceTree = "<group>"; };
		30CA7F852349001600A42764 /* Friend.swift */ = {isa = PBXFileReference; lastKnownFileType = sourcecode.swift; path = Friend.swift; sourceTree = "<group>"; };
		30CA7F872349022100A42764 /* Connection.swift */ = {isa = PBXFileReference; lastKnownFileType = sourcecode.swift; path = Connection.swift; sourceTree = "<group>"; };
		30CED246234A5E3A0086EF40 /* JSONDecoder-Remote.swift */ = {isa = PBXFileReference; lastKnownFileType = sourcecode.swift; path = "JSONDecoder-Remote.swift"; sourceTree = "<group>"; };
		8EA049A887468BBA80CB3851 /* Pods-CoadableWithNetworkingUITests.debug.xcconfig */ = {isa = PBXFileReference; includeInIndex = 1; lastKnownFileType = text.xcconfig; name = "Pods-CoadableWithNetworkingUITests.debug.xcconfig"; path = "Target Support Files/Pods-CoadableWithNetworkingUITests/Pods-CoadableWithNetworkingUITests.debug.xcconfig"; sourceTree = "<group>"; };
		AB8F32888344321D5325D9D5 /* Pods_CoadableWithNetworking.framework */ = {isa = PBXFileReference; explicitFileType = wrapper.framework; includeInIndex = 0; path = Pods_CoadableWithNetworking.framework; sourceTree = BUILT_PRODUCTS_DIR; };
		C367E98279679915A022B7AD /* Pods-CoadableWithNetworkingTests.debug.xcconfig */ = {isa = PBXFileReference; includeInIndex = 1; lastKnownFileType = text.xcconfig; name = "Pods-CoadableWithNetworkingTests.debug.xcconfig"; path = "Target Support Files/Pods-CoadableWithNetworkingTests/Pods-CoadableWithNetworkingTests.debug.xcconfig"; sourceTree = "<group>"; };
		F11D0E2BB74BAB907B20F7B5 /* Pods_CoadableWithNetworkingTests.framework */ = {isa = PBXFileReference; explicitFileType = wrapper.framework; includeInIndex = 0; path = Pods_CoadableWithNetworkingTests.framework; sourceTree = BUILT_PRODUCTS_DIR; };
/* End PBXFileReference section */

/* Begin PBXFrameworksBuildPhase section */
		30CA7F512348FCF700A42764 /* Frameworks */ = {
			isa = PBXFrameworksBuildPhase;
			buildActionMask = 2147483647;
			files = (
				5C3A2D4E87BD8D03A74AFE36 /* Pods_CoadableWithNetworking.framework in Frameworks */,
			);
			runOnlyForDeploymentPostprocessing = 0;
		};
		30CA7F652348FCF900A42764 /* Frameworks */ = {
			isa = PBXFrameworksBuildPhase;
			buildActionMask = 2147483647;
			files = (
				2A38B291B1D43AF145E17EA5 /* Pods_CoadableWithNetworkingTests.framework in Frameworks */,
			);
			runOnlyForDeploymentPostprocessing = 0;
		};
		30CA7F702348FCF900A42764 /* Frameworks */ = {
			isa = PBXFrameworksBuildPhase;
			buildActionMask = 2147483647;
			files = (
				784CEA7F9F655F6A69D6EFED /* Pods_CoadableWithNetworkingUITests.framework in Frameworks */,
			);
			runOnlyForDeploymentPostprocessing = 0;
		};
/* End PBXFrameworksBuildPhase section */

/* Begin PBXGroup section */
		30CA7F4B2348FCF700A42764 = {
			isa = PBXGroup;
			children = (
				30CA7F562348FCF700A42764 /* CoadableWithNetworking */,
				30CA7F6B2348FCF900A42764 /* CoadableWithNetworkingTests */,
				30CA7F762348FCF900A42764 /* CoadableWithNetworkingUITests */,
				30CA7F552348FCF700A42764 /* Products */,
				621D3C347AA8B0B5B9E659D0 /* Pods */,
				853FD32A4DE54A2D610C8119 /* Frameworks */,
			);
			sourceTree = "<group>";
		};
		30CA7F552348FCF700A42764 /* Products */ = {
			isa = PBXGroup;
			children = (
				30CA7F542348FCF700A42764 /* CoadableWithNetworking.app */,
				30CA7F682348FCF900A42764 /* CoadableWithNetworkingTests.xctest */,
				30CA7F732348FCF900A42764 /* CoadableWithNetworkingUITests.xctest */,
			);
			name = Products;
			sourceTree = "<group>";
		};
		30CA7F562348FCF700A42764 /* CoadableWithNetworking */ = {
			isa = PBXGroup;
			children = (
				30CA7F572348FCF700A42764 /* AppDelegate.swift */,
				30CA7F592348FCF700A42764 /* ViewController.swift */,
				30CED246234A5E3A0086EF40 /* JSONDecoder-Remote.swift */,
				30CA7F852349001600A42764 /* Friend.swift */,
				30CA7F872349022100A42764 /* Connection.swift */,
				30CA7F5B2348FCF700A42764 /* Main.storyboard */,
				30CA7F5E2348FCF900A42764 /* Assets.xcassets */,
				30CA7F602348FCF900A42764 /* LaunchScreen.storyboard */,
				30CA7F632348FCF900A42764 /* Info.plist */,
			);
			path = CoadableWithNetworking;
			sourceTree = "<group>";
		};
		30CA7F6B2348FCF900A42764 /* CoadableWithNetworkingTests */ = {
			isa = PBXGroup;
			children = (
				30CA7F6C2348FCF900A42764 /* CoadableWithNetworkingTests.swift */,
				30CA7F6E2348FCF900A42764 /* Info.plist */,
			);
			path = CoadableWithNetworkingTests;
			sourceTree = "<group>";
		};
		30CA7F762348FCF900A42764 /* CoadableWithNetworkingUITests */ = {
			isa = PBXGroup;
			children = (
				30CA7F772348FCF900A42764 /* CoadableWithNetworkingUITests.swift */,
				30CA7F792348FCF900A42764 /* Info.plist */,
			);
			path = CoadableWithNetworkingUITests;
			sourceTree = "<group>";
		};
		621D3C347AA8B0B5B9E659D0 /* Pods */ = {
			isa = PBXGroup;
			children = (
				0933BCF02F25AFE174CF75FD /* Pods-CoadableWithNetworking.debug.xcconfig */,
				203AF46E2452F0F13D7FBAEE /* Pods-CoadableWithNetworking.release.xcconfig */,
				C367E98279679915A022B7AD /* Pods-CoadableWithNetworkingTests.debug.xcconfig */,
				0B503A347425C3CAB958D7EE /* Pods-CoadableWithNetworkingTests.release.xcconfig */,
				8EA049A887468BBA80CB3851 /* Pods-CoadableWithNetworkingUITests.debug.xcconfig */,
				13802591081EFBEBF3C01D9B /* Pods-CoadableWithNetworkingUITests.release.xcconfig */,
			);
			path = Pods;
			sourceTree = "<group>";
		};
		853FD32A4DE54A2D610C8119 /* Frameworks */ = {
			isa = PBXGroup;
			children = (
				AB8F32888344321D5325D9D5 /* Pods_CoadableWithNetworking.framework */,
				F11D0E2BB74BAB907B20F7B5 /* Pods_CoadableWithNetworkingTests.framework */,
				032E52CDA91956907932E3B9 /* Pods_CoadableWithNetworkingUITests.framework */,
			);
			name = Frameworks;
			sourceTree = "<group>";
		};
/* End PBXGroup section */

/* Begin PBXNativeTarget section */
		30CA7F532348FCF700A42764 /* CoadableWithNetworking */ = {
			isa = PBXNativeTarget;
			buildConfigurationList = 30CA7F7C2348FCF900A42764 /* Build configuration list for PBXNativeTarget "CoadableWithNetworking" */;
			buildPhases = (
				B7E206EAC78FCC5FA92BF76B /* [CP] Check Pods Manifest.lock */,
				30CA7F502348FCF700A42764 /* Sources */,
				30CA7F512348FCF700A42764 /* Frameworks */,
				30CA7F522348FCF700A42764 /* Resources */,
				A73CDE0774009CD66E80481A /* [CP] Embed Pods Frameworks */,
			);
			buildRules = (
			);
			dependencies = (
			);
			name = CoadableWithNetworking;
			productName = CoadableWithNetworking;
			productReference = 30CA7F542348FCF700A42764 /* CoadableWithNetworking.app */;
			productType = "com.apple.product-type.application";
		};
		30CA7F672348FCF900A42764 /* CoadableWithNetworkingTests */ = {
			isa = PBXNativeTarget;
			buildConfigurationList = 30CA7F7F2348FCF900A42764 /* Build configuration list for PBXNativeTarget "CoadableWithNetworkingTests" */;
			buildPhases = (
				84986057700B4833C97B0092 /* [CP] Check Pods Manifest.lock */,
				30CA7F642348FCF900A42764 /* Sources */,
				30CA7F652348FCF900A42764 /* Frameworks */,
				30CA7F662348FCF900A42764 /* Resources */,
			);
			buildRules = (
			);
			dependencies = (
				30CA7F6A2348FCF900A42764 /* PBXTargetDependency */,
			);
			name = CoadableWithNetworkingTests;
			productName = CoadableWithNetworkingTests;
			productReference = 30CA7F682348FCF900A42764 /* CoadableWithNetworkingTests.xctest */;
			productType = "com.apple.product-type.bundle.unit-test";
		};
		30CA7F722348FCF900A42764 /* CoadableWithNetworkingUITests */ = {
			isa = PBXNativeTarget;
			buildConfigurationList = 30CA7F822348FCF900A42764 /* Build configuration list for PBXNativeTarget "CoadableWithNetworkingUITests" */;
			buildPhases = (
				A7335B8FD8E35D1A81386641 /* [CP] Check Pods Manifest.lock */,
				30CA7F6F2348FCF900A42764 /* Sources */,
				30CA7F702348FCF900A42764 /* Frameworks */,
				30CA7F712348FCF900A42764 /* Resources */,
			);
			buildRules = (
			);
			dependencies = (
				30CA7F752348FCF900A42764 /* PBXTargetDependency */,
			);
			name = CoadableWithNetworkingUITests;
			productName = CoadableWithNetworkingUITests;
			productReference = 30CA7F732348FCF900A42764 /* CoadableWithNetworkingUITests.xctest */;
			productType = "com.apple.product-type.bundle.ui-testing";
		};
/* End PBXNativeTarget section */

/* Begin PBXProject section */
		30CA7F4C2348FCF700A42764 /* Project object */ = {
			isa = PBXProject;
			attributes = {
				LastSwiftUpdateCheck = 1030;
				LastUpgradeCheck = 1030;
				ORGANIZATIONNAME = "ganesh padole";
				TargetAttributes = {
					30CA7F532348FCF700A42764 = {
						CreatedOnToolsVersion = 10.3;
					};
					30CA7F672348FCF900A42764 = {
						CreatedOnToolsVersion = 10.3;
						TestTargetID = 30CA7F532348FCF700A42764;
					};
					30CA7F722348FCF900A42764 = {
						CreatedOnToolsVersion = 10.3;
						TestTargetID = 30CA7F532348FCF700A42764;
					};
				};
			};
			buildConfigurationList = 30CA7F4F2348FCF700A42764 /* Build configuration list for PBXProject "CoadableWithNetworking" */;
			compatibilityVersion = "Xcode 9.3";
			developmentRegion = en;
			hasScannedForEncodings = 0;
			knownRegions = (
				en,
				Base,
			);
			mainGroup = 30CA7F4B2348FCF700A42764;
			productRefGroup = 30CA7F552348FCF700A42764 /* Products */;
			projectDirPath = "";
			projectRoot = "";
			targets = (
				30CA7F532348FCF700A42764 /* CoadableWithNetworking */,
				30CA7F672348FCF900A42764 /* CoadableWithNetworkingTests */,
				30CA7F722348FCF900A42764 /* CoadableWithNetworkingUITests */,
			);
		};
/* End PBXProject section */

/* Begin PBXResourcesBuildPhase section */
		30CA7F522348FCF700A42764 /* Resources */ = {
			isa = PBXResourcesBuildPhase;
			buildActionMask = 2147483647;
			files = (
				30CA7F622348FCF900A42764 /* LaunchScreen.storyboard in Resources */,
				30CA7F5F2348FCF900A42764 /* Assets.xcassets in Resources */,
				30CA7F5D2348FCF700A42764 /* Main.storyboard in Resources */,
			);
			runOnlyForDeploymentPostprocessing = 0;
		};
		30CA7F662348FCF900A42764 /* Resources */ = {
			isa = PBXResourcesBuildPhase;
			buildActionMask = 2147483647;
			files = (
			);
			runOnlyForDeploymentPostprocessing = 0;
		};
		30CA7F712348FCF900A42764 /* Resources */ = {
			isa = PBXResourcesBuildPhase;
			buildActionMask = 2147483647;
			files = (
			);
			runOnlyForDeploymentPostprocessing = 0;
		};
/* End PBXResourcesBuildPhase section */

/* Begin PBXShellScriptBuildPhase section */
		84986057700B4833C97B0092 /* [CP] Check Pods Manifest.lock */ = {
			isa = PBXShellScriptBuildPhase;
			buildActionMask = 2147483647;
			files = (
			);
			inputFileListPaths = (
			);
			inputPaths = (
				"${PODS_PODFILE_DIR_PATH}/Podfile.lock",
				"${PODS_ROOT}/Manifest.lock",
			);
			name = "[CP] Check Pods Manifest.lock";
			outputFileListPaths = (
			);
			outputPaths = (
				"$(DERIVED_FILE_DIR)/Pods-CoadableWithNetworkingTests-checkManifestLockResult.txt",
			);
			runOnlyForDeploymentPostprocessing = 0;
			shellPath = /bin/sh;
			shellScript = "diff \"${PODS_PODFILE_DIR_PATH}/Podfile.lock\" \"${PODS_ROOT}/Manifest.lock\" > /dev/null\nif [ $? != 0 ] ; then\n    # print error to STDERR\n    echo \"error: The sandbox is not in sync with the Podfile.lock. Run 'pod install' or update your CocoaPods installation.\" >&2\n    exit 1\nfi\n# This output is used by Xcode 'outputs' to avoid re-running this script phase.\necho \"SUCCESS\" > \"${SCRIPT_OUTPUT_FILE_0}\"\n";
			showEnvVarsInLog = 0;
		};
		A7335B8FD8E35D1A81386641 /* [CP] Check Pods Manifest.lock */ = {
			isa = PBXShellScriptBuildPhase;
			buildActionMask = 2147483647;
			files = (
			);
			inputFileListPaths = (
			);
			inputPaths = (
				"${PODS_PODFILE_DIR_PATH}/Podfile.lock",
				"${PODS_ROOT}/Manifest.lock",
			);
			name = "[CP] Check Pods Manifest.lock";
			outputFileListPaths = (
			);
			outputPaths = (
				"$(DERIVED_FILE_DIR)/Pods-CoadableWithNetworkingUITests-checkManifestLockResult.txt",
			);
			runOnlyForDeploymentPostprocessing = 0;
			shellPath = /bin/sh;
			shellScript = "diff \"${PODS_PODFILE_DIR_PATH}/Podfile.lock\" \"${PODS_ROOT}/Manifest.lock\" > /dev/null\nif [ $? != 0 ] ; then\n    # print error to STDERR\n    echo \"error: The sandbox is not in sync with the Podfile.lock. Run 'pod install' or update your CocoaPods installation.\" >&2\n    exit 1\nfi\n# This output is used by Xcode 'outputs' to avoid re-running this script phase.\necho \"SUCCESS\" > \"${SCRIPT_OUTPUT_FILE_0}\"\n";
			showEnvVarsInLog = 0;
		};
		A73CDE0774009CD66E80481A /* [CP] Embed Pods Frameworks */ = {
			isa = PBXShellScriptBuildPhase;
			buildActionMask = 2147483647;
			files = (
			);
			inputFileListPaths = (
				"${PODS_ROOT}/Target Support Files/Pods-CoadableWithNetworking/Pods-CoadableWithNetworking-frameworks-${CONFIGURATION}-input-files.xcfilelist",
			);
			name = "[CP] Embed Pods Frameworks";
			outputFileListPaths = (
				"${PODS_ROOT}/Target Support Files/Pods-CoadableWithNetworking/Pods-CoadableWithNetworking-frameworks-${CONFIGURATION}-output-files.xcfilelist",
			);
			runOnlyForDeploymentPostprocessing = 0;
			shellPath = /bin/sh;
			shellScript = "\"${PODS_ROOT}/Target Support Files/Pods-CoadableWithNetworking/Pods-CoadableWithNetworking-frameworks.sh\"\n";
			showEnvVarsInLog = 0;
		};
		B7E206EAC78FCC5FA92BF76B /* [CP] Check Pods Manifest.lock */ = {
			isa = PBXShellScriptBuildPhase;
			buildActionMask = 2147483647;
			files = (
			);
			inputFileListPaths = (
			);
			inputPaths = (
				"${PODS_PODFILE_DIR_PATH}/Podfile.lock",
				"${PODS_ROOT}/Manifest.lock",
			);
			name = "[CP] Check Pods Manifest.lock";
			outputFileListPaths = (
			);
			outputPaths = (
				"$(DERIVED_FILE_DIR)/Pods-CoadableWithNetworking-checkManifestLockResult.txt",
			);
			runOnlyForDeploymentPostprocessing = 0;
			shellPath = /bin/sh;
			shellScript = "diff \"${PODS_PODFILE_DIR_PATH}/Podfile.lock\" \"${PODS_ROOT}/Manifest.lock\" > /dev/null\nif [ $? != 0 ] ; then\n    # print error to STDERR\n    echo \"error: The sandbox is not in sync with the Podfile.lock. Run 'pod install' or update your CocoaPods installation.\" >&2\n    exit 1\nfi\n# This output is used by Xcode 'outputs' to avoid re-running this script phase.\necho \"SUCCESS\" > \"${SCRIPT_OUTPUT_FILE_0}\"\n";
			showEnvVarsInLog = 0;
		};
/* End PBXShellScriptBuildPhase section */

/* Begin PBXSourcesBuildPhase section */
		30CA7F502348FCF700A42764 /* Sources */ = {
			isa = PBXSourcesBuildPhase;
			buildActionMask = 2147483647;
			files = (
				30CED247234A5E3A0086EF40 /* JSONDecoder-Remote.swift in Sources */,
				30CA7F862349001600A42764 /* Friend.swift in Sources */,
				30CA7F5A2348FCF700A42764 /* ViewController.swift in Sources */,
				30CA7F582348FCF700A42764 /* AppDelegate.swift in Sources */,
				30CA7F882349022100A42764 /* Connection.swift in Sources */,
			);
			runOnlyForDeploymentPostprocessing = 0;
		};
		30CA7F642348FCF900A42764 /* Sources */ = {
			isa = PBXSourcesBuildPhase;
			buildActionMask = 2147483647;
			files = (
				30CA7F6D2348FCF900A42764 /* CoadableWithNetworkingTests.swift in Sources */,
			);
			runOnlyForDeploymentPostprocessing = 0;
		};
		30CA7F6F2348FCF900A42764 /* Sources */ = {
			isa = PBXSourcesBuildPhase;
			buildActionMask = 2147483647;
			files = (
				30CA7F782348FCF900A42764 /* CoadableWithNetworkingUITests.swift in Sources */,
			);
			runOnlyForDeploymentPostprocessing = 0;
		};
/* End PBXSourcesBuildPhase section */

/* Begin PBXTargetDependency section */
		30CA7F6A2348FCF900A42764 /* PBXTargetDependency */ = {
			isa = PBXTargetDependency;
			target = 30CA7F532348FCF700A42764 /* CoadableWithNetworking */;
			targetProxy = 30CA7F692348FCF900A42764 /* PBXContainerItemProxy */;
		};
		30CA7F752348FCF900A42764 /* PBXTargetDependency */ = {
			isa = PBXTargetDependency;
			target = 30CA7F532348FCF700A42764 /* CoadableWithNetworking */;
			targetProxy = 30CA7F742348FCF900A42764 /* PBXContainerItemProxy */;
		};
/* End PBXTargetDependency section */

/* Begin PBXVariantGroup section */
		30CA7F5B2348FCF700A42764 /* Main.storyboard */ = {
			isa = PBXVariantGroup;
			children = (
				30CA7F5C2348FCF700A42764 /* Base */,
			);
			name = Main.storyboard;
			sourceTree = "<group>";
		};
		30CA7F602348FCF900A42764 /* LaunchScreen.storyboard */ = {
			isa = PBXVariantGroup;
			children = (
				30CA7F612348FCF900A42764 /* Base */,
			);
			name = LaunchScreen.storyboard;
			sourceTree = "<group>";
		};
/* End PBXVariantGroup section */

/* Begin XCBuildConfiguration section */
		30CA7F7A2348FCF900A42764 /* Debug */ = {
			isa = XCBuildConfiguration;
			buildSettings = {
				ALWAYS_SEARCH_USER_PATHS = NO;
				CLANG_ANALYZER_NONNULL = YES;
				CLANG_ANALYZER_NUMBER_OBJECT_CONVERSION = YES_AGGRESSIVE;
				CLANG_CXX_LANGUAGE_STANDARD = "gnu++14";
				CLANG_CXX_LIBRARY = "libc++";
				CLANG_ENABLE_MODULES = YES;
				CLANG_ENABLE_OBJC_ARC = YES;
				CLANG_ENABLE_OBJC_WEAK = YES;
				CLANG_WARN_BLOCK_CAPTURE_AUTORELEASING = YES;
				CLANG_WARN_BOOL_CONVERSION = YES;
				CLANG_WARN_COMMA = YES;
				CLANG_WARN_CONSTANT_CONVERSION = YES;
				CLANG_WARN_DEPRECATED_OBJC_IMPLEMENTATIONS = YES;
				CLANG_WARN_DIRECT_OBJC_ISA_USAGE = YES_ERROR;
				CLANG_WARN_DOCUMENTATION_COMMENTS = YES;
				CLANG_WARN_EMPTY_BODY = YES;
				CLANG_WARN_ENUM_CONVERSION = YES;
				CLANG_WARN_INFINITE_RECURSION = YES;
				CLANG_WARN_INT_CONVERSION = YES;
				CLANG_WARN_NON_LITERAL_NULL_CONVERSION = YES;
				CLANG_WARN_OBJC_IMPLICIT_RETAIN_SELF = YES;
				CLANG_WARN_OBJC_LITERAL_CONVERSION = YES;
				CLANG_WARN_OBJC_ROOT_CLASS = YES_ERROR;
				CLANG_WARN_RANGE_LOOP_ANALYSIS = YES;
				CLANG_WARN_STRICT_PROTOTYPES = YES;
				CLANG_WARN_SUSPICIOUS_MOVE = YES;
				CLANG_WARN_UNGUARDED_AVAILABILITY = YES_AGGRESSIVE;
				CLANG_WARN_UNREACHABLE_CODE = YES;
				CLANG_WARN__DUPLICATE_METHOD_MATCH = YES;
				CODE_SIGN_IDENTITY = "iPhone Developer";
				COPY_PHASE_STRIP = NO;
				DEBUG_INFORMATION_FORMAT = dwarf;
				ENABLE_STRICT_OBJC_MSGSEND = YES;
				ENABLE_TESTABILITY = YES;
				GCC_C_LANGUAGE_STANDARD = gnu11;
				GCC_DYNAMIC_NO_PIC = NO;
				GCC_NO_COMMON_BLOCKS = YES;
				GCC_OPTIMIZATION_LEVEL = 0;
				GCC_PREPROCESSOR_DEFINITIONS = (
					"DEBUG=1",
					"$(inherited)",
				);
				GCC_WARN_64_TO_32_BIT_CONVERSION = YES;
				GCC_WARN_ABOUT_RETURN_TYPE = YES_ERROR;
				GCC_WARN_UNDECLARED_SELECTOR = YES;
				GCC_WARN_UNINITIALIZED_AUTOS = YES_AGGRESSIVE;
				GCC_WARN_UNUSED_FUNCTION = YES;
				GCC_WARN_UNUSED_VARIABLE = YES;
				IPHONEOS_DEPLOYMENT_TARGET = 12.4;
				MTL_ENABLE_DEBUG_INFO = INCLUDE_SOURCE;
				MTL_FAST_MATH = YES;
				ONLY_ACTIVE_ARCH = YES;
				SDKROOT = iphoneos;
				SWIFT_ACTIVE_COMPILATION_CONDITIONS = DEBUG;
				SWIFT_OPTIMIZATION_LEVEL = "-Onone";
			};
			name = Debug;
		};
		30CA7F7B2348FCF900A42764 /* Release */ = {
			isa = XCBuildConfiguration;
			buildSettings = {
				ALWAYS_SEARCH_USER_PATHS = NO;
				CLANG_ANALYZER_NONNULL = YES;
				CLANG_ANALYZER_NUMBER_OBJECT_CONVERSION = YES_AGGRESSIVE;
				CLANG_CXX_LANGUAGE_STANDARD = "gnu++14";
				CLANG_CXX_LIBRARY = "libc++";
				CLANG_ENABLE_MODULES = YES;
				CLANG_ENABLE_OBJC_ARC = YES;
				CLANG_ENABLE_OBJC_WEAK = YES;
				CLANG_WARN_BLOCK_CAPTURE_AUTORELEASING = YES;
				CLANG_WARN_BOOL_CONVERSION = YES;
				CLANG_WARN_COMMA = YES;
				CLANG_WARN_CONSTANT_CONVERSION = YES;
				CLANG_WARN_DEPRECATED_OBJC_IMPLEMENTATIONS = YES;
				CLANG_WARN_DIRECT_OBJC_ISA_USAGE = YES_ERROR;
				CLANG_WARN_DOCUMENTATION_COMMENTS = YES;
				CLANG_WARN_EMPTY_BODY = YES;
				CLANG_WARN_ENUM_CONVERSION = YES;
				CLANG_WARN_INFINITE_RECURSION = YES;
				CLANG_WARN_INT_CONVERSION = YES;
				CLANG_WARN_NON_LITERAL_NULL_CONVERSION = YES;
				CLANG_WARN_OBJC_IMPLICIT_RETAIN_SELF = YES;
				CLANG_WARN_OBJC_LITERAL_CONVERSION = YES;
				CLANG_WARN_OBJC_ROOT_CLASS = YES_ERROR;
				CLANG_WARN_RANGE_LOOP_ANALYSIS = YES;
				CLANG_WARN_STRICT_PROTOTYPES = YES;
				CLANG_WARN_SUSPICIOUS_MOVE = YES;
				CLANG_WARN_UNGUARDED_AVAILABILITY = YES_AGGRESSIVE;
				CLANG_WARN_UNREACHABLE_CODE = YES;
				CLANG_WARN__DUPLICATE_METHOD_MATCH = YES;
				CODE_SIGN_IDENTITY = "iPhone Developer";
				COPY_PHASE_STRIP = NO;
				DEBUG_INFORMATION_FORMAT = "dwarf-with-dsym";
				ENABLE_NS_ASSERTIONS = NO;
				ENABLE_STRICT_OBJC_MSGSEND = YES;
				GCC_C_LANGUAGE_STANDARD = gnu11;
				GCC_NO_COMMON_BLOCKS = YES;
				GCC_WARN_64_TO_32_BIT_CONVERSION = YES;
				GCC_WARN_ABOUT_RETURN_TYPE = YES_ERROR;
				GCC_WARN_UNDECLARED_SELECTOR = YES;
				GCC_WARN_UNINITIALIZED_AUTOS = YES_AGGRESSIVE;
				GCC_WARN_UNUSED_FUNCTION = YES;
				GCC_WARN_UNUSED_VARIABLE = YES;
				IPHONEOS_DEPLOYMENT_TARGET = 12.4;
				MTL_ENABLE_DEBUG_INFO = NO;
				MTL_FAST_MATH = YES;
				SDKROOT = iphoneos;
				SWIFT_COMPILATION_MODE = wholemodule;
				SWIFT_OPTIMIZATION_LEVEL = "-O";
				VALIDATE_PRODUCT = YES;
			};
			name = Release;
		};
		30CA7F7D2348FCF900A42764 /* Debug */ = {
			isa = XCBuildConfiguration;
			baseConfigurationReference = 0933BCF02F25AFE174CF75FD /* Pods-CoadableWithNetworking.debug.xcconfig */;
			buildSettings = {
				ASSETCATALOG_COMPILER_APPICON_NAME = AppIcon;
				CODE_SIGN_STYLE = Automatic;
				DEVELOPMENT_TEAM = 5828EJ5HNE;
				INFOPLIST_FILE = CoadableWithNetworking/Info.plist;
				LD_RUNPATH_SEARCH_PATHS = (
					"$(inherited)",
					"@executable_path/Frameworks",
				);
				PRODUCT_BUNDLE_IDENTIFIER = Abhishek.com.CoadableWithNetworking;
				PRODUCT_NAME = "$(TARGET_NAME)";
				SWIFT_VERSION = 5.0;
				TARGETED_DEVICE_FAMILY = "1,2";
			};
			name = Debug;
		};
		30CA7F7E2348FCF900A42764 /* Release */ = {
			isa = XCBuildConfiguration;
			baseConfigurationReference = 203AF46E2452F0F13D7FBAEE /* Pods-CoadableWithNetworking.release.xcconfig */;
			buildSettings = {
				ASSETCATALOG_COMPILER_APPICON_NAME = AppIcon;
				CODE_SIGN_STYLE = Automatic;
				DEVELOPMENT_TEAM = 5828EJ5HNE;
				INFOPLIST_FILE = CoadableWithNetworking/Info.plist;
				LD_RUNPATH_SEARCH_PATHS = (
					"$(inherited)",
					"@executable_path/Frameworks",
				);
				PRODUCT_BUNDLE_IDENTIFIER = Abhishek.com.CoadableWithNetworking;
				PRODUCT_NAME = "$(TARGET_NAME)";
				SWIFT_VERSION = 5.0;
				TARGETED_DEVICE_FAMILY = "1,2";
			};
			name = Release;
		};
		30CA7F802348FCF900A42764 /* Debug */ = {
			isa = XCBuildConfiguration;
			baseConfigurationReference = C367E98279679915A022B7AD /* Pods-CoadableWithNetworkingTests.debug.xcconfig */;
			buildSettings = {
				ALWAYS_EMBED_SWIFT_STANDARD_LIBRARIES = YES;
				BUNDLE_LOADER = "$(TEST_HOST)";
				CODE_SIGN_STYLE = Automatic;
				DEVELOPMENT_TEAM = 5828EJ5HNE;
				INFOPLIST_FILE = CoadableWithNetworkingTests/Info.plist;
				LD_RUNPATH_SEARCH_PATHS = (
					"$(inherited)",
					"@executable_path/Frameworks",
					"@loader_path/Frameworks",
				);
				PRODUCT_BUNDLE_IDENTIFIER = Abhishek.com.CoadableWithNetworkingTests;
				PRODUCT_NAME = "$(TARGET_NAME)";
				SWIFT_VERSION = 5.0;
				TARGETED_DEVICE_FAMILY = "1,2";
				TEST_HOST = "$(BUILT_PRODUCTS_DIR)/CoadableWithNetworking.app/CoadableWithNetworking";
			};
			name = Debug;
		};
		30CA7F812348FCF900A42764 /* Release */ = {
			isa = XCBuildConfiguration;
			baseConfigurationReference = 0B503A347425C3CAB958D7EE /* Pods-CoadableWithNetworkingTests.release.xcconfig */;
			buildSettings = {
				ALWAYS_EMBED_SWIFT_STANDARD_LIBRARIES = YES;
				BUNDLE_LOADER = "$(TEST_HOST)";
				CODE_SIGN_STYLE = Automatic;
				DEVELOPMENT_TEAM = 5828EJ5HNE;
				INFOPLIST_FILE = CoadableWithNetworkingTests/Info.plist;
				LD_RUNPATH_SEARCH_PATHS = (
					"$(inherited)",
					"@executable_path/Frameworks",
					"@loader_path/Frameworks",
				);
				PRODUCT_BUNDLE_IDENTIFIER = Abhishek.com.CoadableWithNetworkingTests;
				PRODUCT_NAME = "$(TARGET_NAME)";
				SWIFT_VERSION = 5.0;
				TARGETED_DEVICE_FAMILY = "1,2";
				TEST_HOST = "$(BUILT_PRODUCTS_DIR)/CoadableWithNetworking.app/CoadableWithNetworking";
			};
			name = Release;
		};
		30CA7F832348FCF900A42764 /* Debug */ = {
			isa = XCBuildConfiguration;
			baseConfigurationReference = 8EA049A887468BBA80CB3851 /* Pods-CoadableWithNetworkingUITests.debug.xcconfig */;
			buildSettings = {
				ALWAYS_EMBED_SWIFT_STANDARD_LIBRARIES = YES;
				CODE_SIGN_STYLE = Automatic;
				DEVELOPMENT_TEAM = 5828EJ5HNE;
				INFOPLIST_FILE = CoadableWithNetworkingUITests/Info.plist;
				LD_RUNPATH_SEARCH_PATHS = (
					"$(inherited)",
					"@executable_path/Frameworks",
					"@loader_path/Frameworks",
				);
				PRODUCT_BUNDLE_IDENTIFIER = Abhishek.com.CoadableWithNetworkingUITests;
				PRODUCT_NAME = "$(TARGET_NAME)";
				SWIFT_VERSION = 5.0;
				TARGETED_DEVICE_FAMILY = "1,2";
				TEST_TARGET_NAME = CoadableWithNetworking;
			};
			name = Debug;
		};
		30CA7F842348FCF900A42764 /* Release */ = {
			isa = XCBuildConfiguration;
			baseConfigurationReference = 13802591081EFBEBF3C01D9B /* Pods-CoadableWithNetworkingUITests.release.xcconfig */;
			buildSettings = {
				ALWAYS_EMBED_SWIFT_STANDARD_LIBRARIES = YES;
				CODE_SIGN_STYLE = Automatic;
				DEVELOPMENT_TEAM = 5828EJ5HNE;
				INFOPLIST_FILE = CoadableWithNetworkingUITests/Info.plist;
				LD_RUNPATH_SEARCH_PATHS = (
					"$(inherited)",
					"@executable_path/Frameworks",
					"@loader_path/Frameworks",
				);
				PRODUCT_BUNDLE_IDENTIFIER = Abhishek.com.CoadableWithNetworkingUITests;
				PRODUCT_NAME = "$(TARGET_NAME)";
				SWIFT_VERSION = 5.0;
				TARGETED_DEVICE_FAMILY = "1,2";
				TEST_TARGET_NAME = CoadableWithNetworking;
			};
			name = Release;
		};
/* End XCBuildConfiguration section */

/* Begin XCConfigurationList section */
		30CA7F4F2348FCF700A42764 /* Build configuration list for PBXProject "CoadableWithNetworking" */ = {
			isa = XCConfigurationList;
			buildConfigurations = (
				30CA7F7A2348FCF900A42764 /* Debug */,
				30CA7F7B2348FCF900A42764 /* Release */,
			);
			defaultConfigurationIsVisible = 0;
			defaultConfigurationName = Release;
		};
		30CA7F7C2348FCF900A42764 /* Build configuration list for PBXNativeTarget "CoadableWithNetworking" */ = {
			isa = XCConfigurationList;
			buildConfigurations = (
				30CA7F7D2348FCF900A42764 /* Debug */,
				30CA7F7E2348FCF900A42764 /* Release */,
			);
			defaultConfigurationIsVisible = 0;
			defaultConfigurationName = Release;
		};
		30CA7F7F2348FCF900A42764 /* Build configuration list for PBXNativeTarget "CoadableWithNetworkingTests" */ = {
			isa = XCConfigurationList;
			buildConfigurations = (
				30CA7F802348FCF900A42764 /* Debug */,
				30CA7F812348FCF900A42764 /* Release */,
			);
			defaultConfigurationIsVisible = 0;
			defaultConfigurationName = Release;
		};
		30CA7F822348FCF900A42764 /* Build configuration list for PBXNativeTarget "CoadableWithNetworkingUITests" */ = {
			isa = XCConfigurationList;
			buildConfigurations = (
				30CA7F832348FCF900A42764 /* Debug */,
				30CA7F842348FCF900A42764 /* Release */,
			);
			defaultConfigurationIsVisible = 0;
			defaultConfigurationName = Release;
		};
/* End XCConfigurationList section */
	};
	rootObject = 30CA7F4C2348FCF700A42764 /* Project object */;
}
